
Microsoft Visual Studio Solution File, Format Version 12.00
# Visual Studio Version 16
VisualStudioVersion = 16.0.30114.105
MinimumVisualStudioVersion = 10.0.40219.1
Project("{FAE04EC0-301F-11D3-BF4B-00C04F79EFBC}") = "SCTools", "SCTools\SCTools.csproj", "{79E01D89-FE98-4EE9-8D7E-19A0DBD537FD}"
EndProject
Global
	GlobalSection(SolutionConfigurationPlatforms) = preSolution
		Debug|Any CPU = Debug|Any CPU
		Release|Any CPU = Release|Any CPU
	EndGlobalSection
	GlobalSection(ProjectConfigurationPlatforms) = postSolution
		{79E01D89-FE98-4EE9-8D7E-19A0DBD537FD}.Debug|Any CPU.ActiveCfg = Debug|Any CPU
		{79E01D89-FE98-4EE9-8D7E-19A0DBD537FD}.Debug|Any CPU.Build.0 = Debug|Any CPU
		{79E01D89-FE98-4EE9-8D7E-19A0DBD537FD}.Release|Any CPU.ActiveCfg = Release|Any CPU
		{79E01D89-FE98-4EE9-8D7E-19A0DBD537FD}.Release|Any CPU.Build.0 = Release|Any CPU
	EndGlobalSection
	GlobalSection(SolutionProperties) = preSolution
		HideSolutionNode = FALSE
	EndGlobalSection
	GlobalSection(ExtensibilityGlobals) = postSolution
		SolutionGuid = {2E86E540-1B8C-4D28-813F-E1650F9249B0}
	EndGlobalSection
EndGlobal
